
Microsoft Visual Studio Solution File, Format Version 12.00
# Visual Studio Version 17
VisualStudioVersion = 17.5.33516.290
MinimumVisualStudioVersion = 10.0.40219.1
Project("{FAE04EC0-301F-11D3-BF4B-00C04F79EFBC}") = "2022", "2022.csproj", "{2AD85848-D594-4A3E-96A7-0212D8E23A7B}"
EndProject
Global
	GlobalSection(SolutionConfigurationPlatforms) = preSolution
		Debug|Any CPU = Debug|Any CPU
		Release|Any CPU = Release|Any CPU
	EndGlobalSection
	GlobalSection(ProjectConfigurationPlatforms) = postSolution
		{2AD85848-D594-4A3E-96A7-0212D8E23A7B}.Debug|Any CPU.ActiveCfg = Debug|Any CPU
		{2AD85848-D594-4A3E-96A7-0212D8E23A7B}.Debug|Any CPU.Build.0 = Debug|Any CPU
		{2AD85848-D594-4A3E-96A7-0212D8E23A7B}.Release|Any CPU.ActiveCfg = Release|Any CPU
		{2AD85848-D594-4A3E-96A7-0212D8E23A7B}.Release|Any CPU.Build.0 = Release|Any CPU
	EndGlobalSection
	GlobalSection(SolutionProperties) = preSolution
		HideSolutionNode = FALSE
	EndGlobalSection
	GlobalSection(ExtensibilityGlobals) = postSolution
		SolutionGuid = {E8C7C782-F374-43A9-A80C-FA5FD61D2476}
	EndGlobalSection
EndGlobal
